
Microsoft Visual Studio Solution File, Format Version 12.00
# Visual Studio Version 16
VisualStudioVersion = 16.0.30011.22
MinimumVisualStudioVersion = 10.0.40219.1
Project("{FAE04EC0-301F-11D3-BF4B-00C04F79EFBC}") = "MvcMovies", "MvcMovies\MvcMovies.csproj", "{97425EEB-592A-40F6-9118-04C3F7B5E815}"
EndProject
Global
	GlobalSection(SolutionConfigurationPlatforms) = preSolution
		Debug|Any CPU = Debug|Any CPU
		Release|Any CPU = Release|Any CPU
	EndGlobalSection
	GlobalSection(ProjectConfigurationPlatforms) = postSolution
		{97425EEB-592A-40F6-9118-04C3F7B5E815}.Debug|Any CPU.ActiveCfg = Debug|Any CPU
		{97425EEB-592A-40F6-9118-04C3F7B5E815}.Debug|Any CPU.Build.0 = Debug|Any CPU
		{97425EEB-592A-40F6-9118-04C3F7B5E815}.Release|Any CPU.ActiveCfg = Release|Any CPU
		{97425EEB-592A-40F6-9118-04C3F7B5E815}.Release|Any CPU.Build.0 = Release|Any CPU
	EndGlobalSection
	GlobalSection(SolutionProperties) = preSolution
		HideSolutionNode = FALSE
	EndGlobalSection
	GlobalSection(ExtensibilityGlobals) = postSolution
		SolutionGuid = {FCFE5F10-DD4B-4FB3-B42E-65FF34C65898}
	EndGlobalSection
EndGlobal
